// !$*UTF8*$!
{
	archiveVersion = 1;
	classes = {
	};
	objectVersion = 50;
	objects = {

/* Begin PBXBuildFile section */
		B61006392547A9BD00E39E65 /* AppDelegate.swift in Sources */ = {isa = PBXBuildFile; fileRef = B61006382547A9BD00E39E65 /* AppDelegate.swift */; };
		B610063B2547A9BD00E39E65 /* SceneDelegate.swift in Sources */ = {isa = PBXBuildFile; fileRef = B610063A2547A9BD00E39E65 /* SceneDelegate.swift */; };
		B610063D2547A9BD00E39E65 /* ViewController.swift in Sources */ = {isa = PBXBuildFile; fileRef = B610063C2547A9BD00E39E65 /* ViewController.swift */; };
		B61006402547A9BD00E39E65 /* Main.storyboard in Resources */ = {isa = PBXBuildFile; fileRef = B610063E2547A9BD00E39E65 /* Main.storyboard */; };
		B61006452547A9BE00E39E65 /* LaunchScreen.storyboard in Resources */ = {isa = PBXBuildFile; fileRef = B61006432547A9BE00E39E65 /* LaunchScreen.storyboard */; };
		B61006522547AD6C00E39E65 /* GroceryShopping.jpg in Resources */ = {isa = PBXBuildFile; fileRef = B61006512547AD6C00E39E65 /* GroceryShopping.jpg */; };
		B63A99542548ED330060E1DF /* Assets.xcassets in Resources */ = {isa = PBXBuildFile; fileRef = B63A99532548ED330060E1DF /* Assets.xcassets */; };
		B6591B6C254A0E4C00317213 /* ListData.swift in Sources */ = {isa = PBXBuildFile; fileRef = B6591B6B254A0E4C00317213 /* ListData.swift */; };
/* End PBXBuildFile section */

/* Begin PBXFileReference section */
		B61006352547A9BD00E39E65 /* AbdelrahmanTealab_MidTerm.app */ = {isa = PBXFileReference; explicitFileType = wrapper.application; includeInIndex = 0; path = AbdelrahmanTealab_MidTerm.app; sourceTree = BUILT_PRODUCTS_DIR; };
		B61006382547A9BD00E39E65 /* AppDelegate.swift */ = {isa = PBXFileReference; lastKnownFileType = sourcecode.swift; path = AppDelegate.swift; sourceTree = "<group>"; };
		B610063A2547A9BD00E39E65 /* SceneDelegate.swift */ = {isa = PBXFileReference; lastKnownFileType = sourcecode.swift; path = SceneDelegate.swift; sourceTree = "<group>"; };
		B610063C2547A9BD00E39E65 /* ViewController.swift */ = {isa = PBXFileReference; lastKnownFileType = sourcecode.swift; path = ViewController.swift; sourceTree = "<group>"; };
		B610063F2547A9BD00E39E65 /* Base */ = {isa = PBXFileReference; lastKnownFileType = file.storyboard; name = Base; path = Base.lproj/Main.storyboard; sourceTree = "<group>"; };
		B61006442547A9BE00E39E65 /* Base */ = {isa = PBXFileReference; lastKnownFileType = file.storyboard; name = Base; path = Base.lproj/LaunchScreen.storyboard; sourceTree = "<group>"; };
		B61006462547A9BE00E39E65 /* Info.plist */ = {isa = PBXFileReference; lastKnownFileType = text.plist.xml; path = Info.plist; sourceTree = "<group>"; };
		B61006512547AD6C00E39E65 /* GroceryShopping.jpg */ = {isa = PBXFileReference; lastKnownFileType = image.jpeg; path = GroceryShopping.jpg; sourceTree = "<group>"; };
		B63A99532548ED330060E1DF /* Assets.xcassets */ = {isa = PBXFileReference; lastKnownFileType = folder.assetcatalog; path = Assets.xcassets; sourceTree = "<group>"; };
		B6591B6B254A0E4C00317213 /* ListData.swift */ = {isa = PBXFileReference; lastKnownFileType = sourcecode.swift; path = ListData.swift; sourceTree = "<group>"; };
/* End PBXFileReference section */

/* Begin PBXFrameworksBuildPhase section */
		B61006322547A9BD00E39E65 /* Frameworks */ = {
			isa = PBXFrameworksBuildPhase;
			buildActionMask = 2147483647;
			files = (
			);
			runOnlyForDeploymentPostprocessing = 0;
		};
/* End PBXFrameworksBuildPhase section */

/* Begin PBXGroup section */
		B610062C2547A9BD00E39E65 = {
			isa = PBXGroup;
			children = (
				B6591B6B254A0E4C00317213 /* ListData.swift */,
				B61006372547A9BD00E39E65 /* AbdelrahmanTealab_MidTerm */,
				B61006362547A9BD00E39E65 /* Products */,
			);
			sourceTree = "<group>";
		};
		B61006362547A9BD00E39E65 /* Products */ = {
			isa = PBXGroup;
			children = (
				B61006352547A9BD00E39E65 /* AbdelrahmanTealab_MidTerm.app */,
			);
			name = Products;
			sourceTree = "<group>";
		};
		B61006372547A9BD00E39E65 /* AbdelrahmanTealab_MidTerm */ = {
			isa = PBXGroup;
			children = (
				B61006382547A9BD00E39E65 /* AppDelegate.swift */,
				B610063A2547A9BD00E39E65 /* SceneDelegate.swift */,
				B610063C2547A9BD00E39E65 /* ViewController.swift */,
				B610063E2547A9BD00E39E65 /* Main.storyboard */,
				B63A99532548ED330060E1DF /* Assets.xcassets */,
				B61006432547A9BE00E39E65 /* LaunchScreen.storyboard */,
				B61006462547A9BE00E39E65 /* Info.plist */,
				B61006512547AD6C00E39E65 /* GroceryShopping.jpg */,
			);
			path = AbdelrahmanTealab_MidTerm;
			sourceTree = "<group>";
		};
/* End PBXGroup section */

/* Begin PBXNativeTarget section */
		B61006342547A9BD00E39E65 /* AbdelrahmanTealab_MidTerm */ = {
			isa = PBXNativeTarget;
			buildConfigurationList = B61006492547A9BE00E39E65 /* Build configuration list for PBXNativeTarget "AbdelrahmanTealab_MidTerm" */;
			buildPhases = (
				B61006312547A9BD00E39E65 /* Sources */,
				B61006322547A9BD00E39E65 /* Frameworks */,
				B61006332547A9BD00E39E65 /* Resources */,
			);
			buildRules = (
			);
			dependencies = (
			);
			name = AbdelrahmanTealab_MidTerm;
			productName = AbdelrahmanTealab_MidTerm;
			productReference = B61006352547A9BD00E39E65 /* AbdelrahmanTealab_MidTerm.app */;
			productType = "com.apple.product-type.application";
		};
/* End PBXNativeTarget section */

/* Begin PBXProject section */
		B610062D2547A9BD00E39E65 /* Project object */ = {
			isa = PBXProject;
			attributes = {
				LastSwiftUpdateCheck = 1210;
				LastUpgradeCheck = 1210;
				TargetAttributes = {
					B61006342547A9BD00E39E65 = {
						CreatedOnToolsVersion = 12.1;
					};
				};
			};
			buildConfigurationList = B61006302547A9BD00E39E65 /* Build configuration list for PBXProject "AbdelrahmanTealab_MidTerm" */;
			compatibilityVersion = "Xcode 9.3";
			developmentRegion = en;
			hasScannedForEncodings = 0;
			knownRegions = (
				en,
				Base,
			);
			mainGroup = B610062C2547A9BD00E39E65;
			productRefGroup = B61006362547A9BD00E39E65 /* Products */;
			projectDirPath = "";
			projectRoot = "";
			targets = (
				B61006342547A9BD00E39E65 /* AbdelrahmanTealab_MidTerm */,
			);
		};
/* End PBXProject section */

/* Begin PBXResourcesBuildPhase section */
		B61006332547A9BD00E39E65 /* Resources */ = {
			isa = PBXResourcesBuildPhase;
			buildActionMask = 2147483647;
			files = (
				B61006452547A9BE00E39E65 /* LaunchScreen.storyboard in Resources */,
				B61006522547AD6C00E39E65 /* GroceryShopping.jpg in Resources */,
				B63A99542548ED330060E1DF /* Assets.xcassets in Resources */,
				B61006402547A9BD00E39E65 /* Main.storyboard in Resources */,
			);
			runOnlyForDeploymentPostprocessing = 0;
		};
/* End PBXResourcesBuildPhase section */

/* Begin PBXSourcesBuildPhase section */
		B61006312547A9BD00E39E65 /* Sources */ = {
			isa = PBXSourcesBuildPhase;
			buildActionMask = 2147483647;
			files = (
				B610063D2547A9BD00E39E65 /* ViewController.swift in Sources */,
				B61006392547A9BD00E39E65 /* AppDelegate.swift in Sources */,
				B610063B2547A9BD00E39E65 /* SceneDelegate.swift in Sources */,
				B6591B6C254A0E4C00317213 /* ListData.swift in Sources */,
			);
			runOnlyForDeploymentPostprocessing = 0;
		};
/* End PBXSourcesBuildPhase section */

/* Begin PBXVariantGroup section */
		B610063E2547A9BD00E39E65 /* Main.storyboard */ = {
			isa = PBXVariantGroup;
			children = (
				B610063F2547A9BD00E39E65 /* Base */,
			);
			name = Main.storyboard;
			sourceTree = "<group>";
		};
		B61006432547A9BE00E39E65 /* LaunchScreen.storyboard */ = {
			isa = PBXVariantGroup;
			children = (
				B61006442547A9BE00E39E65 /* Base */,
			);
			name = LaunchScreen.storyboard;
			sourceTree = "<group>";
		};
/* End PBXVariantGroup section */

/* Begin XCBuildConfiguration section */
		B61006472547A9BE00E39E65 /* Debug */ = {
			isa = XCBuildConfiguration;
			buildSettings = {
				ALWAYS_SEARCH_USER_PATHS = NO;
				CLANG_ANALYZER_NONNULL = YES;
				CLANG_ANALYZER_NUMBER_OBJECT_CONVERSION = YES_AGGRESSIVE;
				CLANG_CXX_LANGUAGE_STANDARD = "gnu++14";
				CLANG_CXX_LIBRARY = "libc++";
				CLANG_ENABLE_MODULES = YES;
				CLANG_ENABLE_OBJC_ARC = YES;
				CLANG_ENABLE_OBJC_WEAK = YES;
				CLANG_WARN_BLOCK_CAPTURE_AUTORELEASING = YES;
				CLANG_WARN_BOOL_CONVERSION = YES;
				CLANG_WARN_COMMA = YES;
				CLANG_WARN_CONSTANT_CONVERSION = YES;
				CLANG_WARN_DEPRECATED_OBJC_IMPLEMENTATIONS = YES;
				CLANG_WARN_DIRECT_OBJC_ISA_USAGE = YES_ERROR;
				CLANG_WARN_DOCUMENTATION_COMMENTS = YES;
				CLANG_WARN_EMPTY_BODY = YES;
				CLANG_WARN_ENUM_CONVERSION = YES;
				CLANG_WARN_INFINITE_RECURSION = YES;
				CLANG_WARN_INT_CONVERSION = YES;
				CLANG_WARN_NON_LITERAL_NULL_CONVERSION = YES;
				CLANG_WARN_OBJC_IMPLICIT_RETAIN_SELF = YES;
				CLANG_WARN_OBJC_LITERAL_CONVERSION = YES;
				CLANG_WARN_OBJC_ROOT_CLASS = YES_ERROR;
				CLANG_WARN_QUOTED_INCLUDE_IN_FRAMEWORK_HEADER = YES;
				CLANG_WARN_RANGE_LOOP_ANALYSIS = YES;
				CLANG_WARN_STRICT_PROTOTYPES = YES;
				CLANG_WARN_SUSPICIOUS_MOVE = YES;
				CLANG_WARN_UNGUARDED_AVAILABILITY = YES_AGGRESSIVE;
				CLANG_WARN_UNREACHABLE_CODE = YES;
				CLANG_WARN__DUPLICATE_METHOD_MATCH = YES;
				COPY_PHASE_STRIP = NO;
				DEBUG_INFORMATION_FORMAT = dwarf;
				ENABLE_STRICT_OBJC_MSGSEND = YES;
				ENABLE_TESTABILITY = YES;
				GCC_C_LANGUAGE_STANDARD = gnu11;
				GCC_DYNAMIC_NO_PIC = NO;
				GCC_NO_COMMON_BLOCKS = YES;
				GCC_OPTIMIZATION_LEVEL = 0;
				GCC_PREPROCESSOR_DEFINITIONS = (
					"DEBUG=1",
					"$(inherited)",
				);
				GCC_WARN_64_TO_32_BIT_CONVERSION = YES;
				GCC_WARN_ABOUT_RETURN_TYPE = YES_ERROR;
				GCC_WARN_UNDECLARED_SELECTOR = YES;
				GCC_WARN_UNINITIALIZED_AUTOS = YES_AGGRESSIVE;
				GCC_WARN_UNUSED_FUNCTION = YES;
				GCC_WARN_UNUSED_VARIABLE = YES;
				IPHONEOS_DEPLOYMENT_TARGET = 14.1;
				MTL_ENABLE_DEBUG_INFO = INCLUDE_SOURCE;
				MTL_FAST_MATH = YES;
				ONLY_ACTIVE_ARCH = YES;
				SDKROOT = iphoneos;
				SWIFT_ACTIVE_COMPILATION_CONDITIONS = DEBUG;
				SWIFT_OPTIMIZATION_LEVEL = "-Onone";
			};
			name = Debug;
		};
		B61006482547A9BE00E39E65 /* Release */ = {
			isa = XCBuildConfiguration;
			buildSettings = {
				ALWAYS_SEARCH_USER_PATHS = NO;
				CLANG_ANALYZER_NONNULL = YES;
				CLANG_ANALYZER_NUMBER_OBJECT_CONVERSION = YES_AGGRESSIVE;
				CLANG_CXX_LANGUAGE_STANDARD = "gnu++14";
				CLANG_CXX_LIBRARY = "libc++";
				CLANG_ENABLE_MODULES = YES;
				CLANG_ENABLE_OBJC_ARC = YES;
				CLANG_ENABLE_OBJC_WEAK = YES;
				CLANG_WARN_BLOCK_CAPTURE_AUTORELEASING = YES;
				CLANG_WARN_BOOL_CONVERSION = YES;
				CLANG_WARN_COMMA = YES;
				CLANG_WARN_CONSTANT_CONVERSION = YES;
				CLANG_WARN_DEPRECATED_OBJC_IMPLEMENTATIONS = YES;
				CLANG_WARN_DIRECT_OBJC_ISA_USAGE = YES_ERROR;
				CLANG_WARN_DOCUMENTATION_COMMENTS = YES;
				CLANG_WARN_EMPTY_BODY = YES;
				CLANG_WARN_ENUM_CONVERSION = YES;
				CLANG_WARN_INFINITE_RECURSION = YES;
				CLANG_WARN_INT_CONVERSION = YES;
				CLANG_WARN_NON_LITERAL_NULL_CONVERSION = YES;
				CLANG_WARN_OBJC_IMPLICIT_RETAIN_SELF = YES;
				CLANG_WARN_OBJC_LITERAL_CONVERSION = YES;
				CLANG_WARN_OBJC_ROOT_CLASS = YES_ERROR;
				CLANG_WARN_QUOTED_INCLUDE_IN_FRAMEWORK_HEADER = YES;
				CLANG_WARN_RANGE_LOOP_ANALYSIS = YES;
				CLANG_WARN_STRICT_PROTOTYPES = YES;
				CLANG_WARN_SUSPICIOUS_MOVE = YES;
				CLANG_WARN_UNGUARDED_AVAILABILITY = YES_AGGRESSIVE;
				CLANG_WARN_UNREACHABLE_CODE = YES;
				CLANG_WARN__DUPLICATE_METHOD_MATCH = YES;
				COPY_PHASE_STRIP = NO;
				DEBUG_INFORMATION_FORMAT = "dwarf-with-dsym";
				ENABLE_NS_ASSERTIONS = NO;
				ENABLE_STRICT_OBJC_MSGSEND = YES;
				GCC_C_LANGUAGE_STANDARD = gnu11;
				GCC_NO_COMMON_BLOCKS = YES;
				GCC_WARN_64_TO_32_BIT_CONVERSION = YES;
				GCC_WARN_ABOUT_RETURN_TYPE = YES_ERROR;
				GCC_WARN_UNDECLARED_SELECTOR = YES;
				GCC_WARN_UNINITIALIZED_AUTOS = YES_AGGRESSIVE;
				GCC_WARN_UNUSED_FUNCTION = YES;
				GCC_WARN_UNUSED_VARIABLE = YES;
				IPHONEOS_DEPLOYMENT_TARGET = 14.1;
				MTL_ENABLE_DEBUG_INFO = NO;
				MTL_FAST_MATH = YES;
				SDKROOT = iphoneos;
				SWIFT_COMPILATION_MODE = wholemodule;
				SWIFT_OPTIMIZATION_LEVEL = "-O";
				VALIDATE_PRODUCT = YES;
			};
			name = Release;
		};
		B610064A2547A9BE00E39E65 /* Debug */ = {
			isa = XCBuildConfiguration;
			buildSettings = {
				ASSETCATALOG_COMPILER_APPICON_NAME = AppIcon;
				ASSETCATALOG_COMPILER_GLOBAL_ACCENT_COLOR_NAME = AccentColor;
				CODE_SIGN_STYLE = Automatic;
				DEVELOPMENT_TEAM = 77MX867GR8;
				INFOPLIST_FILE = AbdelrahmanTealab_MidTerm/Info.plist;
				LD_RUNPATH_SEARCH_PATHS = (
					"$(inherited)",
					"@executable_path/Frameworks",
				);
				PRODUCT_BUNDLE_IDENTIFIER = "abdelrahmantealab.github.io.AbdelrahmanTealab-MidTerm";
				PRODUCT_NAME = "$(TARGET_NAME)";
				SWIFT_VERSION = 5.0;
				TARGETED_DEVICE_FAMILY = "1,2";
			};
			name = Debug;
		};
		B610064B2547A9BE00E39E65 /* Release */ = {
			isa = XCBuildConfiguration;
			buildSettings = {
				ASSETCATALOG_COMPILER_APPICON_NAME = AppIcon;
				ASSETCATALOG_COMPILER_GLOBAL_ACCENT_COLOR_NAME = AccentColor;
				CODE_SIGN_STYLE = Automatic;
				DEVELOPMENT_TEAM = 77MX867GR8;
				INFOPLIST_FILE = AbdelrahmanTealab_MidTerm/Info.plist;
				LD_RUNPATH_SEARCH_PATHS = (
					"$(inherited)",
					"@executable_path/Frameworks",
				);
				PRODUCT_BUNDLE_IDENTIFIER = "abdelrahmantealab.github.io.AbdelrahmanTealab-MidTerm";
				PRODUCT_NAME = "$(TARGET_NAME)";
				SWIFT_VERSION = 5.0;
				TARGETED_DEVICE_FAMILY = "1,2";
			};
			name = Release;
		};
/* End XCBuildConfiguration section */

/* Begin XCConfigurationList section */
		B61006302547A9BD00E39E65 /* Build configuration list for PBXProject "AbdelrahmanTealab_MidTerm" */ = {
			isa = XCConfigurationList;
			buildConfigurations = (
				B61006472547A9BE00E39E65 /* Debug */,
				B61006482547A9BE00E39E65 /* Release */,
			);
			defaultConfigurationIsVisible = 0;
			defaultConfigurationName = Release;
		};
		B61006492547A9BE00E39E65 /* Build configuration list for PBXNativeTarget "AbdelrahmanTealab_MidTerm" */ = {
			isa = XCConfigurationList;
			buildConfigurations = (
				B610064A2547A9BE00E39E65 /* Debug */,
				B610064B2547A9BE00E39E65 /* Release */,
			);
			defaultConfigurationIsVisible = 0;
			defaultConfigurationName = Release;
		};
/* End XCConfigurationList section */
	};
	rootObject = B610062D2547A9BD00E39E65 /* Project object */;
}
